
Microsoft Visual Studio Solution File, Format Version 12.00
# Visual Studio Version 17
VisualStudioVersion = 17.0.32112.339
MinimumVisualStudioVersion = 10.0.40219.1
Project("{FAE04EC0-301F-11D3-BF4B-00C04F79EFBC}") = "xadrez-console", "xadrez-console\xadrez-console.csproj", "{DEA5A004-9AEB-4FDC-9A8F-04296A69D54D}"
EndProject
Global
	GlobalSection(SolutionConfigurationPlatforms) = preSolution
		Debug|Any CPU = Debug|Any CPU
		Release|Any CPU = Release|Any CPU
	EndGlobalSection
	GlobalSection(ProjectConfigurationPlatforms) = postSolution
		{DEA5A004-9AEB-4FDC-9A8F-04296A69D54D}.Debug|Any CPU.ActiveCfg = Debug|Any CPU
		{DEA5A004-9AEB-4FDC-9A8F-04296A69D54D}.Debug|Any CPU.Build.0 = Debug|Any CPU
		{DEA5A004-9AEB-4FDC-9A8F-04296A69D54D}.Release|Any CPU.ActiveCfg = Release|Any CPU
		{DEA5A004-9AEB-4FDC-9A8F-04296A69D54D}.Release|Any CPU.Build.0 = Release|Any CPU
	EndGlobalSection
	GlobalSection(SolutionProperties) = preSolution
		HideSolutionNode = FALSE
	EndGlobalSection
	GlobalSection(ExtensibilityGlobals) = postSolution
		SolutionGuid = {522578A0-02F8-4A0A-97CE-7A93A3289883}
	EndGlobalSection
EndGlobal
